
Microsoft Visual Studio Solution File, Format Version 12.00
# Visual Studio Version 16
VisualStudioVersion = 16.0.31624.102
MinimumVisualStudioVersion = 10.0.40219.1
Project("{9A19103F-16F7-4668-BE54-9A1E7A4F7556}") = "SnakesAndLaddersTDD", "SnakesAndLaddersTDD\SnakesAndLaddersTDD.csproj", "{114F08FD-BB1F-4678-9EF1-891FA8DC9613}"
EndProject
Project("{2150E333-8FDC-42A3-9474-1A3956D46DE8}") = "src", "src", "{9456B8BF-F81A-4809-992C-5072325ED378}"
EndProject
Project("{2150E333-8FDC-42A3-9474-1A3956D46DE8}") = "test", "test", "{3BD0F40A-C694-441D-8023-1052436E0638}"
EndProject
Project("{9A19103F-16F7-4668-BE54-9A1E7A4F7556}") = "TDD_Development", "TDD_Development\TDD_Development.csproj", "{CB666AF1-D5CE-40FC-BD54-711372C1373D}"
EndProject
Project("{9A19103F-16F7-4668-BE54-9A1E7A4F7556}") = "Entities.BE", "Entities.BE\Entities.BE.csproj", "{6623621D-1939-4B07-8DF9-B530307E3547}"
EndProject
Project("{FAE04EC0-301F-11D3-BF4B-00C04F79EFBC}") = "Logic.BL", "Logic.BL\Logic.BL.csproj", "{68E5BF9C-B4CB-497B-B2F7-563E402CF460}"
EndProject
Global
	GlobalSection(SolutionConfigurationPlatforms) = preSolution
		Debug|Any CPU = Debug|Any CPU
		Release|Any CPU = Release|Any CPU
	EndGlobalSection
	GlobalSection(ProjectConfigurationPlatforms) = postSolution
		{114F08FD-BB1F-4678-9EF1-891FA8DC9613}.Debug|Any CPU.ActiveCfg = Debug|Any CPU
		{114F08FD-BB1F-4678-9EF1-891FA8DC9613}.Debug|Any CPU.Build.0 = Debug|Any CPU
		{114F08FD-BB1F-4678-9EF1-891FA8DC9613}.Release|Any CPU.ActiveCfg = Release|Any CPU
		{114F08FD-BB1F-4678-9EF1-891FA8DC9613}.Release|Any CPU.Build.0 = Release|Any CPU
		{CB666AF1-D5CE-40FC-BD54-711372C1373D}.Debug|Any CPU.ActiveCfg = Debug|Any CPU
		{CB666AF1-D5CE-40FC-BD54-711372C1373D}.Debug|Any CPU.Build.0 = Debug|Any CPU
		{CB666AF1-D5CE-40FC-BD54-711372C1373D}.Release|Any CPU.ActiveCfg = Release|Any CPU
		{CB666AF1-D5CE-40FC-BD54-711372C1373D}.Release|Any CPU.Build.0 = Release|Any CPU
		{6623621D-1939-4B07-8DF9-B530307E3547}.Debug|Any CPU.ActiveCfg = Debug|Any CPU
		{6623621D-1939-4B07-8DF9-B530307E3547}.Debug|Any CPU.Build.0 = Debug|Any CPU
		{6623621D-1939-4B07-8DF9-B530307E3547}.Release|Any CPU.ActiveCfg = Release|Any CPU
		{6623621D-1939-4B07-8DF9-B530307E3547}.Release|Any CPU.Build.0 = Release|Any CPU
		{68E5BF9C-B4CB-497B-B2F7-563E402CF460}.Debug|Any CPU.ActiveCfg = Debug|Any CPU
		{68E5BF9C-B4CB-497B-B2F7-563E402CF460}.Debug|Any CPU.Build.0 = Debug|Any CPU
		{68E5BF9C-B4CB-497B-B2F7-563E402CF460}.Release|Any CPU.ActiveCfg = Release|Any CPU
		{68E5BF9C-B4CB-497B-B2F7-563E402CF460}.Release|Any CPU.Build.0 = Release|Any CPU
	EndGlobalSection
	GlobalSection(SolutionProperties) = preSolution
		HideSolutionNode = FALSE
	EndGlobalSection
	GlobalSection(NestedProjects) = preSolution
		{CB666AF1-D5CE-40FC-BD54-711372C1373D} = {3BD0F40A-C694-441D-8023-1052436E0638}
		{6623621D-1939-4B07-8DF9-B530307E3547} = {9456B8BF-F81A-4809-992C-5072325ED378}
		{68E5BF9C-B4CB-497B-B2F7-563E402CF460} = {9456B8BF-F81A-4809-992C-5072325ED378}
	EndGlobalSection
	GlobalSection(ExtensibilityGlobals) = postSolution
		SolutionGuid = {E75E54CD-6734-4501-AC0E-417A9B25A381}
	EndGlobalSection
EndGlobal
